// !$*UTF8*$!
{
	archiveVersion = 1;
	classes = {
	};
	objectVersion = 77;
	objects = {

/* Begin PBXBuildFile section */
		6D950F982D07356200CFDB3D /* PetInformationView.swift in Sources */ = {isa = PBXBuildFile; fileRef = 6D950F972D07355A00CFDB3D /* PetInformationView.swift */; };
<<<<<<< Updated upstream
		6D950FAB2D0C7DA900CFDB3D /* ErrorOverlay.swift in Sources */ = {isa = PBXBuildFile; fileRef = 6D950FAA2D0C7D9500CFDB3D /* ErrorOverlay.swift */; };
=======
>>>>>>> Stashed changes
		6D9510042D0C87CB00CFDB3D /* JWTDecode in Frameworks */ = {isa = PBXBuildFile; productRef = 6D9510032D0C87CB00CFDB3D /* JWTDecode */; };
/* End PBXBuildFile section */

/* Begin PBXContainerItemProxy section */
		6DF94F042CD1006B00CF6393 /* PBXContainerItemProxy */ = {
			isa = PBXContainerItemProxy;
			containerPortal = 6DF94EEB2CD1006800CF6393 /* Project object */;
			proxyType = 1;
			remoteGlobalIDString = 6DF94EF22CD1006800CF6393;
			remoteInfo = "IOS-12";
		};
		6DF94F0E2CD1006B00CF6393 /* PBXContainerItemProxy */ = {
			isa = PBXContainerItemProxy;
			containerPortal = 6DF94EEB2CD1006800CF6393 /* Project object */;
			proxyType = 1;
			remoteGlobalIDString = 6DF94EF22CD1006800CF6393;
			remoteInfo = "IOS-12";
		};
/* End PBXContainerItemProxy section */

/* Begin PBXFileReference section */
		6D950F972D07355A00CFDB3D /* PetInformationView.swift */ = {isa = PBXFileReference; lastKnownFileType = sourcecode.swift; path = PetInformationView.swift; sourceTree = "<group>"; };
		6D950FA72D0C768100CFDB3D /* DistanceCalculator.swift */ = {isa = PBXFileReference; lastKnownFileType = sourcecode.swift; path = DistanceCalculator.swift; sourceTree = "<group>"; };
		6D950FAA2D0C7D9500CFDB3D /* ErrorOverlay.swift */ = {isa = PBXFileReference; lastKnownFileType = sourcecode.swift; path = ErrorOverlay.swift; sourceTree = "<group>"; };
		6DF94EF32CD1006800CF6393 /* IOS-12.app */ = {isa = PBXFileReference; explicitFileType = wrapper.application; includeInIndex = 0; path = "IOS-12.app"; sourceTree = BUILT_PRODUCTS_DIR; };
		6DF94F032CD1006B00CF6393 /* IOS-12Tests.xctest */ = {isa = PBXFileReference; explicitFileType = wrapper.cfbundle; includeInIndex = 0; path = "IOS-12Tests.xctest"; sourceTree = BUILT_PRODUCTS_DIR; };
		6DF94F0D2CD1006B00CF6393 /* IOS-12UITests.xctest */ = {isa = PBXFileReference; explicitFileType = wrapper.cfbundle; includeInIndex = 0; path = "IOS-12UITests.xctest"; sourceTree = BUILT_PRODUCTS_DIR; };
/* End PBXFileReference section */

/* Begin PBXFileSystemSynchronizedRootGroup section */
		6DF94EF52CD1006800CF6393 /* IOS-12 */ = {
			isa = PBXFileSystemSynchronizedRootGroup;
			path = "IOS-12";
			sourceTree = "<group>";
		};
		6DF94F062CD1006B00CF6393 /* IOS-12Tests */ = {
			isa = PBXFileSystemSynchronizedRootGroup;
			path = "IOS-12Tests";
			sourceTree = "<group>";
		};
		6DF94F102CD1006B00CF6393 /* IOS-12UITests */ = {
			isa = PBXFileSystemSynchronizedRootGroup;
			path = "IOS-12UITests";
			sourceTree = "<group>";
		};
/* End PBXFileSystemSynchronizedRootGroup section */

/* Begin PBXFrameworksBuildPhase section */
		6DF94EF02CD1006800CF6393 /* Frameworks */ = {
			isa = PBXFrameworksBuildPhase;
			buildActionMask = 2147483647;
			files = (
				6D9510042D0C87CB00CFDB3D /* JWTDecode in Frameworks */,
			);
			runOnlyForDeploymentPostprocessing = 0;
		};
		6DF94F002CD1006B00CF6393 /* Frameworks */ = {
			isa = PBXFrameworksBuildPhase;
			buildActionMask = 2147483647;
			files = (
			);
			runOnlyForDeploymentPostprocessing = 0;
		};
		6DF94F0A2CD1006B00CF6393 /* Frameworks */ = {
			isa = PBXFrameworksBuildPhase;
			buildActionMask = 2147483647;
			files = (
			);
			runOnlyForDeploymentPostprocessing = 0;
		};
/* End PBXFrameworksBuildPhase section */

/* Begin PBXGroup section */
<<<<<<< Updated upstream
		6D950FA62D0C767900CFDB3D /* Helpers */ = {
			isa = PBXGroup;
			children = (
				6D950FA72D0C768100CFDB3D /* DistanceCalculator.swift */,
			);
			path = Helpers;
			sourceTree = "<group>";
		};
=======
>>>>>>> Stashed changes
		6D9510022D0C87C400CFDB3D /* Frameworks */ = {
			isa = PBXGroup;
			children = (
			);
			name = Frameworks;
			sourceTree = "<group>";
		};
		6DF94EEA2CD1006800CF6393 = {
			isa = PBXGroup;
			children = (
				6D950FAA2D0C7D9500CFDB3D /* ErrorOverlay.swift */,
				6D950FA62D0C767900CFDB3D /* Helpers */,
				6D950F972D07355A00CFDB3D /* PetInformationView.swift */,
				6DF94EF52CD1006800CF6393 /* IOS-12 */,
				6DF94F062CD1006B00CF6393 /* IOS-12Tests */,
				6DF94F102CD1006B00CF6393 /* IOS-12UITests */,
				6D9510022D0C87C400CFDB3D /* Frameworks */,
				6DF94EF42CD1006800CF6393 /* Products */,
			);
			sourceTree = "<group>";
		};
		6DF94EF42CD1006800CF6393 /* Products */ = {
			isa = PBXGroup;
			children = (
				6DF94EF32CD1006800CF6393 /* IOS-12.app */,
				6DF94F032CD1006B00CF6393 /* IOS-12Tests.xctest */,
				6DF94F0D2CD1006B00CF6393 /* IOS-12UITests.xctest */,
			);
			name = Products;
			sourceTree = "<group>";
		};
/* End PBXGroup section */

/* Begin PBXNativeTarget section */
		6DF94EF22CD1006800CF6393 /* IOS-12 */ = {
			isa = PBXNativeTarget;
			buildConfigurationList = 6DF94F172CD1006B00CF6393 /* Build configuration list for PBXNativeTarget "IOS-12" */;
			buildPhases = (
				6DF94EEF2CD1006800CF6393 /* Sources */,
				6DF94EF02CD1006800CF6393 /* Frameworks */,
				6DF94EF12CD1006800CF6393 /* Resources */,
			);
			buildRules = (
			);
			dependencies = (
			);
			fileSystemSynchronizedGroups = (
				6DF94EF52CD1006800CF6393 /* IOS-12 */,
			);
			name = "IOS-12";
			packageProductDependencies = (
				6D9510032D0C87CB00CFDB3D /* JWTDecode */,
			);
			productName = "IOS-12";
			productReference = 6DF94EF32CD1006800CF6393 /* IOS-12.app */;
			productType = "com.apple.product-type.application";
		};
		6DF94F022CD1006B00CF6393 /* IOS-12Tests */ = {
			isa = PBXNativeTarget;
			buildConfigurationList = 6DF94F1A2CD1006B00CF6393 /* Build configuration list for PBXNativeTarget "IOS-12Tests" */;
			buildPhases = (
				6DF94EFF2CD1006B00CF6393 /* Sources */,
				6DF94F002CD1006B00CF6393 /* Frameworks */,
				6DF94F012CD1006B00CF6393 /* Resources */,
			);
			buildRules = (
			);
			dependencies = (
				6DF94F052CD1006B00CF6393 /* PBXTargetDependency */,
			);
			fileSystemSynchronizedGroups = (
				6DF94F062CD1006B00CF6393 /* IOS-12Tests */,
			);
			name = "IOS-12Tests";
			packageProductDependencies = (
			);
			productName = "IOS-12Tests";
			productReference = 6DF94F032CD1006B00CF6393 /* IOS-12Tests.xctest */;
			productType = "com.apple.product-type.bundle.unit-test";
		};
		6DF94F0C2CD1006B00CF6393 /* IOS-12UITests */ = {
			isa = PBXNativeTarget;
			buildConfigurationList = 6DF94F1D2CD1006B00CF6393 /* Build configuration list for PBXNativeTarget "IOS-12UITests" */;
			buildPhases = (
				6DF94F092CD1006B00CF6393 /* Sources */,
				6DF94F0A2CD1006B00CF6393 /* Frameworks */,
				6DF94F0B2CD1006B00CF6393 /* Resources */,
			);
			buildRules = (
			);
			dependencies = (
				6DF94F0F2CD1006B00CF6393 /* PBXTargetDependency */,
			);
			fileSystemSynchronizedGroups = (
				6DF94F102CD1006B00CF6393 /* IOS-12UITests */,
			);
			name = "IOS-12UITests";
			packageProductDependencies = (
			);
			productName = "IOS-12UITests";
			productReference = 6DF94F0D2CD1006B00CF6393 /* IOS-12UITests.xctest */;
			productType = "com.apple.product-type.bundle.ui-testing";
		};
/* End PBXNativeTarget section */

/* Begin PBXProject section */
		6DF94EEB2CD1006800CF6393 /* Project object */ = {
			isa = PBXProject;
			attributes = {
				BuildIndependentTargetsInParallel = 1;
				LastSwiftUpdateCheck = 1600;
				LastUpgradeCheck = 1600;
				TargetAttributes = {
					6DF94EF22CD1006800CF6393 = {
						CreatedOnToolsVersion = 16.0;
					};
					6DF94F022CD1006B00CF6393 = {
						CreatedOnToolsVersion = 16.0;
						TestTargetID = 6DF94EF22CD1006800CF6393;
					};
					6DF94F0C2CD1006B00CF6393 = {
						CreatedOnToolsVersion = 16.0;
						TestTargetID = 6DF94EF22CD1006800CF6393;
					};
				};
			};
			buildConfigurationList = 6DF94EEE2CD1006800CF6393 /* Build configuration list for PBXProject "IOS-12" */;
			developmentRegion = en;
			hasScannedForEncodings = 0;
			knownRegions = (
				en,
				Base,
			);
			mainGroup = 6DF94EEA2CD1006800CF6393;
			minimizedProjectReferenceProxies = 1;
			packageReferences = (
				6D950FB22D0C804C00CFDB3D /* XCRemoteSwiftPackageReference "JWTDecode" */,
			);
			preferredProjectObjectVersion = 77;
			productRefGroup = 6DF94EF42CD1006800CF6393 /* Products */;
			projectDirPath = "";
			projectRoot = "";
			targets = (
				6DF94EF22CD1006800CF6393 /* IOS-12 */,
				6DF94F022CD1006B00CF6393 /* IOS-12Tests */,
				6DF94F0C2CD1006B00CF6393 /* IOS-12UITests */,
			);
		};
/* End PBXProject section */

/* Begin PBXResourcesBuildPhase section */
		6DF94EF12CD1006800CF6393 /* Resources */ = {
			isa = PBXResourcesBuildPhase;
			buildActionMask = 2147483647;
			files = (
			);
			runOnlyForDeploymentPostprocessing = 0;
		};
		6DF94F012CD1006B00CF6393 /* Resources */ = {
			isa = PBXResourcesBuildPhase;
			buildActionMask = 2147483647;
			files = (
			);
			runOnlyForDeploymentPostprocessing = 0;
		};
		6DF94F0B2CD1006B00CF6393 /* Resources */ = {
			isa = PBXResourcesBuildPhase;
			buildActionMask = 2147483647;
			files = (
			);
			runOnlyForDeploymentPostprocessing = 0;
		};
/* End PBXResourcesBuildPhase section */

/* Begin PBXSourcesBuildPhase section */
		6DF94EEF2CD1006800CF6393 /* Sources */ = {
			isa = PBXSourcesBuildPhase;
			buildActionMask = 2147483647;
			files = (
				6D950FAB2D0C7DA900CFDB3D /* ErrorOverlay.swift in Sources */,
				6D950F982D07356200CFDB3D /* PetInformationView.swift in Sources */,
			);
			runOnlyForDeploymentPostprocessing = 0;
		};
		6DF94EFF2CD1006B00CF6393 /* Sources */ = {
			isa = PBXSourcesBuildPhase;
			buildActionMask = 2147483647;
			files = (
			);
			runOnlyForDeploymentPostprocessing = 0;
		};
		6DF94F092CD1006B00CF6393 /* Sources */ = {
			isa = PBXSourcesBuildPhase;
			buildActionMask = 2147483647;
			files = (
			);
			runOnlyForDeploymentPostprocessing = 0;
		};
/* End PBXSourcesBuildPhase section */

/* Begin PBXTargetDependency section */
		6DF94F052CD1006B00CF6393 /* PBXTargetDependency */ = {
			isa = PBXTargetDependency;
			target = 6DF94EF22CD1006800CF6393 /* IOS-12 */;
			targetProxy = 6DF94F042CD1006B00CF6393 /* PBXContainerItemProxy */;
		};
		6DF94F0F2CD1006B00CF6393 /* PBXTargetDependency */ = {
			isa = PBXTargetDependency;
			target = 6DF94EF22CD1006800CF6393 /* IOS-12 */;
			targetProxy = 6DF94F0E2CD1006B00CF6393 /* PBXContainerItemProxy */;
		};
/* End PBXTargetDependency section */

/* Begin XCBuildConfiguration section */
		6DF94F152CD1006B00CF6393 /* Debug */ = {
			isa = XCBuildConfiguration;
			buildSettings = {
				ALWAYS_SEARCH_USER_PATHS = NO;
				ASSETCATALOG_COMPILER_GENERATE_SWIFT_ASSET_SYMBOL_EXTENSIONS = YES;
				CLANG_ANALYZER_NONNULL = YES;
				CLANG_ANALYZER_NUMBER_OBJECT_CONVERSION = YES_AGGRESSIVE;
				CLANG_CXX_LANGUAGE_STANDARD = "gnu++20";
				CLANG_ENABLE_MODULES = YES;
				CLANG_ENABLE_OBJC_ARC = YES;
				CLANG_ENABLE_OBJC_WEAK = YES;
				CLANG_WARN_BLOCK_CAPTURE_AUTORELEASING = YES;
				CLANG_WARN_BOOL_CONVERSION = YES;
				CLANG_WARN_COMMA = YES;
				CLANG_WARN_CONSTANT_CONVERSION = YES;
				CLANG_WARN_DEPRECATED_OBJC_IMPLEMENTATIONS = YES;
				CLANG_WARN_DIRECT_OBJC_ISA_USAGE = YES_ERROR;
				CLANG_WARN_DOCUMENTATION_COMMENTS = YES;
				CLANG_WARN_EMPTY_BODY = YES;
				CLANG_WARN_ENUM_CONVERSION = YES;
				CLANG_WARN_INFINITE_RECURSION = YES;
				CLANG_WARN_INT_CONVERSION = YES;
				CLANG_WARN_NON_LITERAL_NULL_CONVERSION = YES;
				CLANG_WARN_OBJC_IMPLICIT_RETAIN_SELF = YES;
				CLANG_WARN_OBJC_LITERAL_CONVERSION = YES;
				CLANG_WARN_OBJC_ROOT_CLASS = YES_ERROR;
				CLANG_WARN_QUOTED_INCLUDE_IN_FRAMEWORK_HEADER = YES;
				CLANG_WARN_RANGE_LOOP_ANALYSIS = YES;
				CLANG_WARN_STRICT_PROTOTYPES = YES;
				CLANG_WARN_SUSPICIOUS_MOVE = YES;
				CLANG_WARN_UNGUARDED_AVAILABILITY = YES_AGGRESSIVE;
				CLANG_WARN_UNREACHABLE_CODE = YES;
				CLANG_WARN__DUPLICATE_METHOD_MATCH = YES;
				COPY_PHASE_STRIP = NO;
				DEBUG_INFORMATION_FORMAT = dwarf;
				ENABLE_STRICT_OBJC_MSGSEND = YES;
				ENABLE_TESTABILITY = YES;
				ENABLE_USER_SCRIPT_SANDBOXING = YES;
				GCC_C_LANGUAGE_STANDARD = gnu17;
				GCC_DYNAMIC_NO_PIC = NO;
				GCC_NO_COMMON_BLOCKS = YES;
				GCC_OPTIMIZATION_LEVEL = 0;
				GCC_PREPROCESSOR_DEFINITIONS = (
					"DEBUG=1",
					"$(inherited)",
				);
				GCC_WARN_64_TO_32_BIT_CONVERSION = YES;
				GCC_WARN_ABOUT_RETURN_TYPE = YES_ERROR;
				GCC_WARN_UNDECLARED_SELECTOR = YES;
				GCC_WARN_UNINITIALIZED_AUTOS = YES_AGGRESSIVE;
				GCC_WARN_UNUSED_FUNCTION = YES;
				GCC_WARN_UNUSED_VARIABLE = YES;
				IPHONEOS_DEPLOYMENT_TARGET = 18.0;
				LOCALIZATION_PREFERS_STRING_CATALOGS = YES;
				MTL_ENABLE_DEBUG_INFO = INCLUDE_SOURCE;
				MTL_FAST_MATH = YES;
				ONLY_ACTIVE_ARCH = YES;
				SDKROOT = iphoneos;
				SWIFT_ACTIVE_COMPILATION_CONDITIONS = "DEBUG $(inherited)";
				SWIFT_OPTIMIZATION_LEVEL = "-Onone";
			};
			name = Debug;
		};
		6DF94F162CD1006B00CF6393 /* Release */ = {
			isa = XCBuildConfiguration;
			buildSettings = {
				ALWAYS_SEARCH_USER_PATHS = NO;
				ASSETCATALOG_COMPILER_GENERATE_SWIFT_ASSET_SYMBOL_EXTENSIONS = YES;
				CLANG_ANALYZER_NONNULL = YES;
				CLANG_ANALYZER_NUMBER_OBJECT_CONVERSION = YES_AGGRESSIVE;
				CLANG_CXX_LANGUAGE_STANDARD = "gnu++20";
				CLANG_ENABLE_MODULES = YES;
				CLANG_ENABLE_OBJC_ARC = YES;
				CLANG_ENABLE_OBJC_WEAK = YES;
				CLANG_WARN_BLOCK_CAPTURE_AUTORELEASING = YES;
				CLANG_WARN_BOOL_CONVERSION = YES;
				CLANG_WARN_COMMA = YES;
				CLANG_WARN_CONSTANT_CONVERSION = YES;
				CLANG_WARN_DEPRECATED_OBJC_IMPLEMENTATIONS = YES;
				CLANG_WARN_DIRECT_OBJC_ISA_USAGE = YES_ERROR;
				CLANG_WARN_DOCUMENTATION_COMMENTS = YES;
				CLANG_WARN_EMPTY_BODY = YES;
				CLANG_WARN_ENUM_CONVERSION = YES;
				CLANG_WARN_INFINITE_RECURSION = YES;
				CLANG_WARN_INT_CONVERSION = YES;
				CLANG_WARN_NON_LITERAL_NULL_CONVERSION = YES;
				CLANG_WARN_OBJC_IMPLICIT_RETAIN_SELF = YES;
				CLANG_WARN_OBJC_LITERAL_CONVERSION = YES;
				CLANG_WARN_OBJC_ROOT_CLASS = YES_ERROR;
				CLANG_WARN_QUOTED_INCLUDE_IN_FRAMEWORK_HEADER = YES;
				CLANG_WARN_RANGE_LOOP_ANALYSIS = YES;
				CLANG_WARN_STRICT_PROTOTYPES = YES;
				CLANG_WARN_SUSPICIOUS_MOVE = YES;
				CLANG_WARN_UNGUARDED_AVAILABILITY = YES_AGGRESSIVE;
				CLANG_WARN_UNREACHABLE_CODE = YES;
				CLANG_WARN__DUPLICATE_METHOD_MATCH = YES;
				COPY_PHASE_STRIP = NO;
				DEBUG_INFORMATION_FORMAT = "dwarf-with-dsym";
				ENABLE_NS_ASSERTIONS = NO;
				ENABLE_STRICT_OBJC_MSGSEND = YES;
				ENABLE_USER_SCRIPT_SANDBOXING = YES;
				GCC_C_LANGUAGE_STANDARD = gnu17;
				GCC_NO_COMMON_BLOCKS = YES;
				GCC_WARN_64_TO_32_BIT_CONVERSION = YES;
				GCC_WARN_ABOUT_RETURN_TYPE = YES_ERROR;
				GCC_WARN_UNDECLARED_SELECTOR = YES;
				GCC_WARN_UNINITIALIZED_AUTOS = YES_AGGRESSIVE;
				GCC_WARN_UNUSED_FUNCTION = YES;
				GCC_WARN_UNUSED_VARIABLE = YES;
				IPHONEOS_DEPLOYMENT_TARGET = 18.0;
				LOCALIZATION_PREFERS_STRING_CATALOGS = YES;
				MTL_ENABLE_DEBUG_INFO = NO;
				MTL_FAST_MATH = YES;
				SDKROOT = iphoneos;
				SWIFT_COMPILATION_MODE = wholemodule;
				VALIDATE_PRODUCT = YES;
			};
			name = Release;
		};
		6DF94F182CD1006B00CF6393 /* Debug */ = {
			isa = XCBuildConfiguration;
			buildSettings = {
				ASSETCATALOG_COMPILER_APPICON_NAME = AppIcon;
				ASSETCATALOG_COMPILER_GLOBAL_ACCENT_COLOR_NAME = AccentColor;
				CODE_SIGN_STYLE = Automatic;
				CURRENT_PROJECT_VERSION = 1;
				DEVELOPMENT_ASSET_PATHS = "\"IOS-12/Preview Content\"";
				ENABLE_PREVIEWS = YES;
				GENERATE_INFOPLIST_FILE = YES;
				INFOPLIST_KEY_UIApplicationSceneManifest_Generation = YES;
				INFOPLIST_KEY_UIApplicationSupportsIndirectInputEvents = YES;
				INFOPLIST_KEY_UILaunchScreen_Generation = YES;
				INFOPLIST_KEY_UISupportedInterfaceOrientations_iPad = "UIInterfaceOrientationPortrait UIInterfaceOrientationPortraitUpsideDown UIInterfaceOrientationLandscapeLeft UIInterfaceOrientationLandscapeRight";
				INFOPLIST_KEY_UISupportedInterfaceOrientations_iPhone = "UIInterfaceOrientationPortrait UIInterfaceOrientationLandscapeLeft UIInterfaceOrientationLandscapeRight";
				LD_RUNPATH_SEARCH_PATHS = (
					"$(inherited)",
					"@executable_path/Frameworks",
				);
				MARKETING_VERSION = 1.0;
				PRODUCT_BUNDLE_IDENTIFIER = "com.restart.IOS-12";
				PRODUCT_NAME = "$(TARGET_NAME)";
				SWIFT_EMIT_LOC_STRINGS = YES;
				SWIFT_VERSION = 5.0;
				TARGETED_DEVICE_FAMILY = "1,2";
			};
			name = Debug;
		};
		6DF94F192CD1006B00CF6393 /* Release */ = {
			isa = XCBuildConfiguration;
			buildSettings = {
				ASSETCATALOG_COMPILER_APPICON_NAME = AppIcon;
				ASSETCATALOG_COMPILER_GLOBAL_ACCENT_COLOR_NAME = AccentColor;
				CODE_SIGN_STYLE = Automatic;
				CURRENT_PROJECT_VERSION = 1;
				DEVELOPMENT_ASSET_PATHS = "\"IOS-12/Preview Content\"";
				ENABLE_PREVIEWS = YES;
				GENERATE_INFOPLIST_FILE = YES;
				INFOPLIST_KEY_UIApplicationSceneManifest_Generation = YES;
				INFOPLIST_KEY_UIApplicationSupportsIndirectInputEvents = YES;
				INFOPLIST_KEY_UILaunchScreen_Generation = YES;
				INFOPLIST_KEY_UISupportedInterfaceOrientations_iPad = "UIInterfaceOrientationPortrait UIInterfaceOrientationPortraitUpsideDown UIInterfaceOrientationLandscapeLeft UIInterfaceOrientationLandscapeRight";
				INFOPLIST_KEY_UISupportedInterfaceOrientations_iPhone = "UIInterfaceOrientationPortrait UIInterfaceOrientationLandscapeLeft UIInterfaceOrientationLandscapeRight";
				LD_RUNPATH_SEARCH_PATHS = (
					"$(inherited)",
					"@executable_path/Frameworks",
				);
				MARKETING_VERSION = 1.0;
				PRODUCT_BUNDLE_IDENTIFIER = "com.restart.IOS-12";
				PRODUCT_NAME = "$(TARGET_NAME)";
				SWIFT_EMIT_LOC_STRINGS = YES;
				SWIFT_VERSION = 5.0;
				TARGETED_DEVICE_FAMILY = "1,2";
			};
			name = Release;
		};
		6DF94F1B2CD1006B00CF6393 /* Debug */ = {
			isa = XCBuildConfiguration;
			buildSettings = {
				BUNDLE_LOADER = "$(TEST_HOST)";
				CODE_SIGN_STYLE = Automatic;
				CURRENT_PROJECT_VERSION = 1;
				GENERATE_INFOPLIST_FILE = YES;
				IPHONEOS_DEPLOYMENT_TARGET = 18.0;
				MARKETING_VERSION = 1.0;
				PRODUCT_BUNDLE_IDENTIFIER = "com.restart.IOS-12Tests";
				PRODUCT_NAME = "$(TARGET_NAME)";
				SWIFT_EMIT_LOC_STRINGS = NO;
				SWIFT_VERSION = 5.0;
				TARGETED_DEVICE_FAMILY = "1,2";
				TEST_HOST = "$(BUILT_PRODUCTS_DIR)/IOS-12.app/$(BUNDLE_EXECUTABLE_FOLDER_PATH)/IOS-12";
			};
			name = Debug;
		};
		6DF94F1C2CD1006B00CF6393 /* Release */ = {
			isa = XCBuildConfiguration;
			buildSettings = {
				BUNDLE_LOADER = "$(TEST_HOST)";
				CODE_SIGN_STYLE = Automatic;
				CURRENT_PROJECT_VERSION = 1;
				GENERATE_INFOPLIST_FILE = YES;
				IPHONEOS_DEPLOYMENT_TARGET = 18.0;
				MARKETING_VERSION = 1.0;
				PRODUCT_BUNDLE_IDENTIFIER = "com.restart.IOS-12Tests";
				PRODUCT_NAME = "$(TARGET_NAME)";
				SWIFT_EMIT_LOC_STRINGS = NO;
				SWIFT_VERSION = 5.0;
				TARGETED_DEVICE_FAMILY = "1,2";
				TEST_HOST = "$(BUILT_PRODUCTS_DIR)/IOS-12.app/$(BUNDLE_EXECUTABLE_FOLDER_PATH)/IOS-12";
			};
			name = Release;
		};
		6DF94F1E2CD1006B00CF6393 /* Debug */ = {
			isa = XCBuildConfiguration;
			buildSettings = {
				CODE_SIGN_STYLE = Automatic;
				CURRENT_PROJECT_VERSION = 1;
				GENERATE_INFOPLIST_FILE = YES;
				MARKETING_VERSION = 1.0;
				PRODUCT_BUNDLE_IDENTIFIER = "com.restart.IOS-12UITests";
				PRODUCT_NAME = "$(TARGET_NAME)";
				SWIFT_EMIT_LOC_STRINGS = NO;
				SWIFT_VERSION = 5.0;
				TARGETED_DEVICE_FAMILY = "1,2";
				TEST_TARGET_NAME = "IOS-12";
			};
			name = Debug;
		};
		6DF94F1F2CD1006B00CF6393 /* Release */ = {
			isa = XCBuildConfiguration;
			buildSettings = {
				CODE_SIGN_STYLE = Automatic;
				CURRENT_PROJECT_VERSION = 1;
				GENERATE_INFOPLIST_FILE = YES;
				MARKETING_VERSION = 1.0;
				PRODUCT_BUNDLE_IDENTIFIER = "com.restart.IOS-12UITests";
				PRODUCT_NAME = "$(TARGET_NAME)";
				SWIFT_EMIT_LOC_STRINGS = NO;
				SWIFT_VERSION = 5.0;
				TARGETED_DEVICE_FAMILY = "1,2";
				TEST_TARGET_NAME = "IOS-12";
			};
			name = Release;
		};
/* End XCBuildConfiguration section */

/* Begin XCConfigurationList section */
		6DF94EEE2CD1006800CF6393 /* Build configuration list for PBXProject "IOS-12" */ = {
			isa = XCConfigurationList;
			buildConfigurations = (
				6DF94F152CD1006B00CF6393 /* Debug */,
				6DF94F162CD1006B00CF6393 /* Release */,
			);
			defaultConfigurationIsVisible = 0;
			defaultConfigurationName = Release;
		};
		6DF94F172CD1006B00CF6393 /* Build configuration list for PBXNativeTarget "IOS-12" */ = {
			isa = XCConfigurationList;
			buildConfigurations = (
				6DF94F182CD1006B00CF6393 /* Debug */,
				6DF94F192CD1006B00CF6393 /* Release */,
			);
			defaultConfigurationIsVisible = 0;
			defaultConfigurationName = Release;
		};
		6DF94F1A2CD1006B00CF6393 /* Build configuration list for PBXNativeTarget "IOS-12Tests" */ = {
			isa = XCConfigurationList;
			buildConfigurations = (
				6DF94F1B2CD1006B00CF6393 /* Debug */,
				6DF94F1C2CD1006B00CF6393 /* Release */,
			);
			defaultConfigurationIsVisible = 0;
			defaultConfigurationName = Release;
		};
		6DF94F1D2CD1006B00CF6393 /* Build configuration list for PBXNativeTarget "IOS-12UITests" */ = {
			isa = XCConfigurationList;
			buildConfigurations = (
				6DF94F1E2CD1006B00CF6393 /* Debug */,
				6DF94F1F2CD1006B00CF6393 /* Release */,
			);
			defaultConfigurationIsVisible = 0;
			defaultConfigurationName = Release;
		};
/* End XCConfigurationList section */

/* Begin XCRemoteSwiftPackageReference section */
		6D950FB22D0C804C00CFDB3D /* XCRemoteSwiftPackageReference "JWTDecode" */ = {
			isa = XCRemoteSwiftPackageReference;
			repositoryURL = "https://github.com/auth0/JWTDecode.swift";
			requirement = {
				kind = upToNextMajorVersion;
				minimumVersion = 3.2.0;
			};
		};
/* End XCRemoteSwiftPackageReference section */

/* Begin XCSwiftPackageProductDependency section */
		6D9510032D0C87CB00CFDB3D /* JWTDecode */ = {
			isa = XCSwiftPackageProductDependency;
			package = 6D950FB22D0C804C00CFDB3D /* XCRemoteSwiftPackageReference "JWTDecode" */;
			productName = JWTDecode;
		};
/* End XCSwiftPackageProductDependency section */
	};
	rootObject = 6DF94EEB2CD1006800CF6393 /* Project object */;
}
